
Microsoft Visual Studio Solution File, Format Version 12.00
# Visual Studio Version 16
VisualStudioVersion = 16.0.30225.117
MinimumVisualStudioVersion = 10.0.40219.1
Project("{FAE04EC0-301F-11D3-BF4B-00C04F79EFBC}") = "AspNetCoreProject.API", "AspNetCoreProject.API\AspNetCoreProject.API.csproj", "{0F46D6C4-0F0F-4788-B3FE-0131B45575F2}"
EndProject
Project("{FAE04EC0-301F-11D3-BF4B-00C04F79EFBC}") = "AspNetCoreProject.Core", "AspNetCoreProject.Core\AspNetCoreProject.Core.csproj", "{DD57AD36-37DD-4628-B2BE-CAF8182A4786}"
EndProject
Project("{FAE04EC0-301F-11D3-BF4B-00C04F79EFBC}") = "AspNetCoreProject.Data", "AspNetCoreProject.Data\AspNetCoreProject.Data.csproj", "{A2AAB135-EE5E-4621-9BCF-5C976068E2DC}"
EndProject
Project("{FAE04EC0-301F-11D3-BF4B-00C04F79EFBC}") = "AspNetCoreProject.Service", "AspNetCoreProject.Service\AspNetCoreProject.Service.csproj", "{53BFCE80-F36E-4A9D-B1A8-A572C449E0BC}"
EndProject
Global
	GlobalSection(SolutionConfigurationPlatforms) = preSolution
		Debug|Any CPU = Debug|Any CPU
		Release|Any CPU = Release|Any CPU
	EndGlobalSection
	GlobalSection(ProjectConfigurationPlatforms) = postSolution
		{0F46D6C4-0F0F-4788-B3FE-0131B45575F2}.Debug|Any CPU.ActiveCfg = Debug|Any CPU
		{0F46D6C4-0F0F-4788-B3FE-0131B45575F2}.Debug|Any CPU.Build.0 = Debug|Any CPU
		{0F46D6C4-0F0F-4788-B3FE-0131B45575F2}.Release|Any CPU.ActiveCfg = Release|Any CPU
		{0F46D6C4-0F0F-4788-B3FE-0131B45575F2}.Release|Any CPU.Build.0 = Release|Any CPU
		{DD57AD36-37DD-4628-B2BE-CAF8182A4786}.Debug|Any CPU.ActiveCfg = Debug|Any CPU
		{DD57AD36-37DD-4628-B2BE-CAF8182A4786}.Debug|Any CPU.Build.0 = Debug|Any CPU
		{DD57AD36-37DD-4628-B2BE-CAF8182A4786}.Release|Any CPU.ActiveCfg = Release|Any CPU
		{DD57AD36-37DD-4628-B2BE-CAF8182A4786}.Release|Any CPU.Build.0 = Release|Any CPU
		{A2AAB135-EE5E-4621-9BCF-5C976068E2DC}.Debug|Any CPU.ActiveCfg = Debug|Any CPU
		{A2AAB135-EE5E-4621-9BCF-5C976068E2DC}.Debug|Any CPU.Build.0 = Debug|Any CPU
		{A2AAB135-EE5E-4621-9BCF-5C976068E2DC}.Release|Any CPU.ActiveCfg = Release|Any CPU
		{A2AAB135-EE5E-4621-9BCF-5C976068E2DC}.Release|Any CPU.Build.0 = Release|Any CPU
		{53BFCE80-F36E-4A9D-B1A8-A572C449E0BC}.Debug|Any CPU.ActiveCfg = Debug|Any CPU
		{53BFCE80-F36E-4A9D-B1A8-A572C449E0BC}.Debug|Any CPU.Build.0 = Debug|Any CPU
		{53BFCE80-F36E-4A9D-B1A8-A572C449E0BC}.Release|Any CPU.ActiveCfg = Release|Any CPU
		{53BFCE80-F36E-4A9D-B1A8-A572C449E0BC}.Release|Any CPU.Build.0 = Release|Any CPU
	EndGlobalSection
	GlobalSection(SolutionProperties) = preSolution
		HideSolutionNode = FALSE
	EndGlobalSection
	GlobalSection(ExtensibilityGlobals) = postSolution
		SolutionGuid = {3AAF6FA3-0C28-4492-BFDC-457B77D2DA80}
	EndGlobalSection
EndGlobal
